
Microsoft Visual Studio Solution File, Format Version 12.00
# Visual Studio Version 17
VisualStudioVersion = 17.0.32014.148
MinimumVisualStudioVersion = 10.0.40219.1
Project("{FAE04EC0-301F-11D3-BF4B-00C04F79EFBC}") = "BirdsHouse Project", "BirdsHouse Project.csproj", "{36EB8886-C006-4916-B9B8-6C9F2B3403DE}"
EndProject
Global
	GlobalSection(SolutionConfigurationPlatforms) = preSolution
		Debug|Any CPU = Debug|Any CPU
		Release|Any CPU = Release|Any CPU
	EndGlobalSection
	GlobalSection(ProjectConfigurationPlatforms) = postSolution
		{36EB8886-C006-4916-B9B8-6C9F2B3403DE}.Debug|Any CPU.ActiveCfg = Debug|Any CPU
		{36EB8886-C006-4916-B9B8-6C9F2B3403DE}.Debug|Any CPU.Build.0 = Debug|Any CPU
		{36EB8886-C006-4916-B9B8-6C9F2B3403DE}.Release|Any CPU.ActiveCfg = Release|Any CPU
		{36EB8886-C006-4916-B9B8-6C9F2B3403DE}.Release|Any CPU.Build.0 = Release|Any CPU
	EndGlobalSection
	GlobalSection(SolutionProperties) = preSolution
		HideSolutionNode = FALSE
	EndGlobalSection
	GlobalSection(ExtensibilityGlobals) = postSolution
		SolutionGuid = {C1E34959-4F7C-4883-AD29-E778E46E4DE6}
	EndGlobalSection
EndGlobal
